{
    "_meta": {
        "hash": {
            "sha256": "cccc3700d1667a8412518c508eb284f825bb563a155e52792fea688f8329952b"
        },
        "pipfile-spec": 6,
        "requires": {
            "python_version": "3.11"
        },
        "sources": [
            {
                "name": "pypi",
                "url": "https://pypi.org/simple",
                "verify_ssl": true
            }
        ]
    },
    "default": {
        "annotated-types": {
            "hashes": [
                "sha256:1f02e8b43a8fbbc3f3e0d4f0f4bfc8131bcb4eebe8849b8e5c773f3a1c582a53",
                "sha256:aff07c09a53a08bc8cfccb9c85b05f1aa9a2a6f23728d790723543408344ce89"
            ],
            "markers": "python_version >= '3.8'",
            "version": "==0.7.0"
        },
        "colorama": {
            "hashes": [
                "sha256:08695f5cb7ed6e0531a20572697297273c47b8cae5a63ffc6d6ed5c201be6e44",
                "sha256:4f1d9991f5acc0ca119f9d443620b77f9d6b33703e51011c16baf57afb285fc6"
            ],
            "markers": "python_version >= '2.7' and python_version not in '3.0, 3.1, 3.2, 3.3, 3.4, 3.5, 3.6'",
            "version": "==0.4.6"
        },
        "deprecated": {
            "hashes": [
                "sha256:597bfef186b6f60181535a29fbe44865ce137a5079f295b479886c82729d5f3f",
                "sha256:b1b50e0ff0c1fddaa5708a2c6b0a6588bb09b892825ab2b214ac9ea9d92a5223"
            ],
            "markers": "python_version >= '2.7' and python_version not in '3.0, 3.1, 3.2, 3.3'",
            "version": "==1.3.1"
        },
        "greenlet": {
            "hashes": [
                "sha256:02b0a8682aecd4d3c6c18edf52bc8e51eacdd75c8eac52a790a210b06aa295fd",
                "sha256:18cb1b7337bca281915b3c5d5ae19f4e76d35e1df80f4ad3c1a7be91fadf1082",
                "sha256:1a9172f5bf6bd88e6ba5a84e0a68afeac9dc7b6b412b245dd64f52d83c81e55b",
                "sha256:1e692b2dae4cc7077cbb11b47d258533b48c8fde69a33d0d8a82e2fe8d8531d5",
                "sha256:1ebd458fa8285960f382841da585e02201b53a5ec2bac6b156fc623b5ce4499f",
                "sha256:1fb39a11ee2e4d94be9a76671482be9398560955c9e568550de0224e41104727",
                "sha256:20154044d9085151bc309e7689d6f7ba10027f8f5a8c0676ad398b951913d89e",
                "sha256:2eaf067fc6d886931c7962e8c6bede15d2f01965560f3359b27c80bde2d151f2",
                "sha256:34308836d8370bddadb41f5a7ce96879b72e2fdfb4e87729330c6ab52376409f",
                "sha256:394ead29063ee3515b4e775216cb756b2e3b4a7e55ae8fd884f17fa579e6b327",
                "sha256:3ceec72030dae6ac0c8ed7591b96b70410a8be370b6a477b1dbc072856ad02bd",
                "sha256:4375a58e49522698d3e70cc0b801c19433021b5c37686f7ce9c65b0d5c8677d2",
                "sha256:43e99d1749147ac21dde49b99c9abffcbc1e2d55c67501465ef0930d6e78e070",
                "sha256:442b6057453c8cb29b4fb36a2ac689382fc71112273726e2423f7f17dc73bf99",
                "sha256:45abe8eb6339518180d5a7fa47fa01945414d7cca5ecb745346fc6a87d2750be",
                "sha256:4c956a19350e2c37f2c48b336a3afb4bff120b36076d9d7fb68cb44e05d95b79",
                "sha256:508c7f01f1791fbc8e011bd508f6794cb95397fdb198a46cb6635eb5b78d85a7",
                "sha256:527fec58dc9f90efd594b9b700662ed3fb2493c2122067ac9c740d98080a620e",
                "sha256:59b3e2c40f6706b05a9cd299c836c6aa2378cabe25d021acd80f13abf81181cf",
                "sha256:5d0e35379f93a6d0222de929a25ab47b5eb35b5ef4721c2b9cbcc4036129ff1f",
                "sha256:63d10328839d1973e5ba35e98cccbca71b232b14051fd957b6f8b6e8e80d0506",
                "sha256:64970c33a50551c7c50491671265d8954046cb6e8e2999aacdd60e439b70418a",
                "sha256:6c6f8ba97d17a1e7d664151284cb3315fc5f8353e75221ed4324f84eb162b395",
                "sha256:8b466dff7a4ffda6ca975979bab80bdadde979e29fc947ac3be4451428d8b0e4",
                "sha256:8c1fdd7d1b309ff0da81d60a9688a8bd044ac4e18b250320a96fc68d31c209ca",
                "sha256:8c4dd0f3997cf2512f7601563cc90dfb8957c0cff1e3a1b23991d4ea1776c492",
                "sha256:8d1658d7291f9859beed69a776c10822a0a799bc4bfe1bd4272bb60e62507dab",
                "sha256:8e2cd90d413acbf5e77ae41e5d3c9b3ac1d011a756d7284d7f3f2b806bbd6358",
                "sha256:8e4ab3cfb02993c8cc248ea73d7dae6cec0253e9afa311c9b37e603ca9fad2ce",
                "sha256:94ad81f0fd3c0c0681a018a976e5c2bd2ca2d9d94895f23e7bb1af4e8af4e2d5",
                "sha256:97245cc10e5515dbc8c3104b2928f7f02b6813002770cfaffaf9a6e0fc2b94ef",
                "sha256:9bc885b89709d901859cf95179ec9f6bb67a3d2bb1f0e88456461bd4b7f8fd0d",
                "sha256:a2a5be83a45ce6188c045bcc44b0ee037d6a518978de9a5d97438548b953a1ac",
                "sha256:a443358b33c4ec7b05b79a7c8b466f5d275025e750298be7340f8fc63dff2a55",
                "sha256:a7945dd0eab63ded0a48e4dcade82939783c172290a7903ebde9e184333ca124",
                "sha256:aa6ac98bdfd716a749b84d4034486863fd81c3abde9aa3cf8eff9127981a4ae4",
                "sha256:ab0c7e7901a00bc0a7284907273dc165b32e0d109a6713babd04471327ff7986",
                "sha256:ac8d61d4343b799d1e526db579833d72f23759c71e07181c2d2944e429eb09cd",
                "sha256:ad0c8917dd42a819fe77e6bdfcb84e3379c0de956469301d9fd36427a1ca501f",
                "sha256:ae9e21c84035c490506c17002f5c8ab25f980205c3e61ddb3a2a2a2e6c411fcb",
                "sha256:b26b0f4428b871a751968285a1ac9648944cea09807177ac639b030bddebcea4",
                "sha256:b568183cf65b94919be4438dc28416b234b678c608cafac8874dfeeb2a9bbe13",
                "sha256:b6997d360a4e6a4e936c0f9625b1c20416b8a0ea18a8e19cabbefc712e7397ab",
                "sha256:b8bddc5b73c9720bea487b3bffdb1840fe4e3656fba3bd40aa1489e9f37877ff",
                "sha256:c04c5e06ec3e022cbfe2cd4a846e1d4e50087444f875ff6d2c2ad8445495cf1a",
                "sha256:c2e47408e8ce1c6f1ceea0dffcdf6ebb85cc09e55c7af407c99f1112016e45e9",
                "sha256:c56692189a7d1c7606cb794be0a8381470d95c57ce5be03fb3d0ef57c7853b86",
                "sha256:ccd21bb86944ca9be6d967cf7691e658e43417782bce90b5d2faeda0ff78a7dd",
                "sha256:cd6f9e2bbd46321ba3bbb4c8a15794d32960e3b0ae2cc4d49a1a53d314805d71",
                "sha256:d248d8c23c67d2291ffd47af766e2a3aa9fa1c6703155c099feb11f526c63a92",
                "sha256:d3a62fa76a32b462a97198e4c9e99afb9ab375115e74e9a83ce180e7a496f643",
                "sha256:e26e72bec7ab387ac80caa7496e0f908ff954f31065b0ffc1f8ecb1338b11b54",
                "sha256:e3cb43ce200f59483eb82949bf1835a99cf43d7571e900d7c8d5c62cdf25d2f9"
            ],
            "markers": "python_version >= '3.10'",
            "version": "==3.3.2"
        },
        "iniconfig": {
            "hashes": [
                "sha256:c76315c77db068650d49c5b56314774a7804df16fee4402c1f19d6d15d8c4730",
                "sha256:f631c04d2c48c52b84d0d0549c99ff3859c98df65b3101406327ecc7d53fbf12"
            ],
            "markers": "python_version >= '3.10'",
            "version": "==2.3.0"
        },
        "mendeleev": {
            "hashes": [
                "sha256:34081dd9ae58823287382e8defde8276003d8c2784367bb1271e8e32e7fd07e8",
                "sha256:be3f3468d444ba30d0db6eff3b0660a76637b6f34177a7c18860592fcb718a47"
            ],
            "index": "pypi",
            "markers": "python_version < '3.14' and python_version >= '3.9'",
            "version": "==1.1.0"
        },
        "numpy": {
            "hashes": [
                "sha256:0200b25c687033316fb39f0ff4e3e690e8957a2c3c8d22499891ec58c37a3eb5",
                "sha256:0448e7f9caefb34b4b7dd2b77f21e8906e5d6f0365ad525f9f4f530b13df2afc",
                "sha256:0a195f4216be9305a73c0e91c9b026a35f2161237cf1c6de9b681637772ea657",
                "sha256:0a60e17a14d640f49146cb38e3f105f571318db7826d9b6fef7e4dce758faecd",
                "sha256:120df8c0a81ebbf5b9020c91439fccd85f5e018a927a39f624845be194a2be02",
                "sha256:148d59127ac95979d6f07e4d460f934ebdd6eed641db9c0db6c73026f2b2101a",
                "sha256:1ec84fd7c8e652b0f4aaaf2e6e9cc8eaa9b1b80a537e06b2e3a2fb176eedcb26",
                "sha256:22654fe6be0e5206f553a9250762c653d3698e46686eee53b399ab90da59bd92",
                "sha256:22c31dc07025123aedf7f2db9e91783df13f1776dc52c6b22c620870dc0fab22",
                "sha256:23b46bb6d8ecb68b58c09944483c135ae5f0e9b8d8858ece5e4ead783771d2a9",
                "sha256:2629289168f4897a3c4e23dc98d6f1731f0fc0fe52fb9db19f974041e4cc12b9",
                "sha256:26952e18d82a1dbbc2f008d402021baa8d6fc8e84347a2072a25e08b46d698b9",
                "sha256:29363fbfa6f8ee855d7569c96ce524845e3d726d6c19b29eceec7dd555dab152",
                "sha256:297837823f5bc572c5f9379b0c9f3a3365f08492cbdc33bcc3af174372ebb168",
                "sha256:2abad5c7fef172b3377502bde47892439bae394a71bc329f31df0fd829b41a9e",
                "sha256:2b3f8d2c4589b1a2028d2a770b0fc4d1f332fb5e01521f4de3199a896d158ddd",
                "sha256:2ddb7919366ee468342b91dea2352824c25b55814a987847b6c52003a7c97f15",
                "sha256:2e03c05abaee1f672e9d67bc858f300b5ccba1c21397211e8d77d98350972093",
                "sha256:32e3bef222ad6b052280311d1d60db8e259e4947052c3ae7dd6817451fc8a4c5",
                "sha256:33b3bf58ee84b172c067f56aeadc7ee9ab6de69c5e800ab5b10295d54c581adb",
                "sha256:45f003dbdffb997a03da2d1d0cb41fbd24a87507fb41605c0420a3db5bd4667b",
                "sha256:483a201202b73495f00dbc83796c6ae63137a9bdade074f7648b3e32613412dd",
                "sha256:48da3a4ee1336454b07497ff7ec83903efa5505792c4e6d9bf83d99dc07a1e18",
                "sha256:4b42639cdde6d24e732ff823a3fa5b701d8acad89c4142bc1d0bd6dc85200ba5",
                "sha256:4bd4741a6a676770e0e97fe9ab2e51de01183df3dcbcec591d26d331a40de950",
                "sha256:4d382735cecd7bcf090172489a525cd7d4087bc331f7df9f60ddc9a296cf208e",
                "sha256:52077feedeff7c76ed7c9f1a0428558e50825347b7545bbb8523da2cd55c547a",
                "sha256:54f29b877279d51e210e0c80709ee14ccbbad647810e8f3d375561c45ef613dd",
                "sha256:5884ce5c7acfae1e4e1b6fde43797d10aa506074d25b531b4f54bde33c0c31d4",
                "sha256:5e10da9e93247e554bb1d22f8edc51847ddd7dde52d85ce31024c1b4312bfba0",
                "sha256:61b0cbabbb6126c8df63b9a3a0c4b1f44ebca5e12ff6997b80fcf267fb3150ef",
                "sha256:65f3c2455188f09678355f5cae1f959a06b778bc66d535da07bf2ef20cd319d5",
                "sha256:679f2a834bae9020f81534671c56fd0cc76dd7e5182f57131478e23d0dc59e24",
                "sha256:6bd06731541f89cdc01b261ba2c9e037f1543df7472517836b78dfb15bd6e476",
                "sha256:715de7f82e192e8cae5a507a347d97ad17598f8e026152ca97233e3666daaa71",
                "sha256:737f630a337364665aba3b5a77e56a68cc42d350edd010c345d65a3efa3addcc",
                "sha256:7395e69ff32526710748f92cd8c9849b361830968ea3e24a676f272653e8983e",
                "sha256:76dbb9d4e43c16cf9aa711fcd8de1e2eeb27539dcefb60a1d5e9f12fae1d1ed8",
                "sha256:76f0f283506c28b12bba319c0fab98217e9f9b54e6160e9c79e9f7348ba32e9c",
                "sha256:77e76d932c49a75617c6d13464e41203cd410956614d0a0e999b25e9e8d27eec",
                "sha256:7aa4e54f6469300ebca1d9eb80acd5253cdfa36f2c03d79a35883687da430875",
                "sha256:7d1ce23cce91fcea443320a9d0ece9b9305d4368875bab09538f7a5b4131938a",
                "sha256:7e58765ad74dcebd3ef0208a5078fba32dc8ec3578fe84a604432950cd043d79",
                "sha256:7f3408ff897f8ab07a07fbe2823d7aee6ff644c097cc1f90382511fe982f647f",
                "sha256:8ba7b51e71c05aa1f9bc3641463cd82308eab40ce0d5c7e1fd4038cbf9938147",
                "sha256:8e236dbda4e1d319d681afcbb136c0c4a8e0f1a5c58ceec2adebb547357fe857",
                "sha256:94f3c4a151a2e529adf49c1d54f0f57ff8f9b233ee4d44af623a81553ab86368",
                "sha256:9684823a78a6cd6ad7511fc5e25b07947d1d5b5e2812c93fe99d7d4195130720",
                "sha256:a016db5c5dba78fa8fe9f5d80d6708f9c42ab087a739803c0ac83a43d686a470",
                "sha256:a111698b4a3f8dcbe54c64a7708f049355abd603e619013c346553c1fd4ca90b",
                "sha256:a1988292870c7cb9d0ebb4cc96b4d447513a9644801de54606dc7aabf2b7d920",
                "sha256:a315e5234d88067f2d97e1f2ef670a7569df445d55400f1e33d117418d008d52",
                "sha256:a749547700de0a20a6718293396ec237bb38218049cfce788e08fcb716e8cf73",
                "sha256:a97cbf7e905c435865c2d939af3d93f99d18eaaa3cabe4256f4304fb51604349",
                "sha256:abdce0f71dcb4a00e4e77f3faf05e4616ceccfe72ccaa07f47ee79cda3b7b0f4",
                "sha256:b346845443716c8e542d54112966383b448f4a3ba5c66409771b8c0889485dd3",
                "sha256:b44fd60341c4d9783039598efadd03617fa28d041fc37d22b62d08f2027fa0e7",
                "sha256:bb2e3cf95854233799013779216c57e153c1ee67a0bf92138acca0e429aefaee",
                "sha256:bc71942c789ef415a37f0d4eab90341425a00d538cd0642445d30b41023d3395",
                "sha256:be3b8487d725a77acccc9924f65fd8bce9af7fac8c9820df1049424a2115af6c",
                "sha256:c59020932feb24ed49ffd03704fbab89f22aa9c0d4b180ff45542fe8918f5611",
                "sha256:c6b124bfcafb9e8d3ed09130dbee44848c20b3e758b6bbf006e641778927c028",
                "sha256:c9619741e9da2059cd9c3f206110b97583c7152c1dc9f8aafd4beb450ac1c89d",
                "sha256:cd32fbacb9fd1bf041bf8e89e4576b6f00b895f06d00914820ae06a616bdfef7",
                "sha256:d1b90d840b25874cf5cd20c219af10bac3667db3876d9a495609273ebe679070",
                "sha256:d213c7e6e8d211888cc359bab7199670a00f5b82c0978b9d1c75baf1eddbeac0",
                "sha256:d5f51900414fc9204a0e0da158ba2ac52b75656e7dce7e77fb9f84bfa343b4cc",
                "sha256:d71e379452a2f670ccb689ec801b1218cd3983e253105d6e83780967e899d687",
                "sha256:d84f0f881cb2225c2dfd7f78a10a5645d487a496c6668d6cc39f0f114164f3d0",
                "sha256:decb0eb8a53c3b009b0962378065589685d66b23467ef5dac16cbe818afde27f",
                "sha256:e7dd01a46700b1967487141a66ac1a3cf0dd8ebf1f08db37d46389401512ca97",
                "sha256:eb610595dd91560905c132c709412b512135a60f1851ccbd2c959e136431ff67"
            ],
            "markers": "python_version >= '3.11'",
            "version": "==2.4.3"
        },
        "packaging": {
            "hashes": [
                "sha256:00243ae351a257117b6a241061796684b084ed1c516a08c48a3f7e147a9d80b4",
                "sha256:b36f1fef9334a5588b4166f8bcd26a14e521f2b55e6b9de3aaa80d3ff7a37529"
            ],
            "markers": "python_version >= '3.8'",
            "version": "==26.0"
        },
        "pandas": {
            "hashes": [
                "sha256:06aff2ad6f0b94a17822cf8b83bbb563b090ed82ff4fe7712db2ce57cd50d9b8",
                "sha256:0ab749dfba921edf641d4036c4c21c0b3ea70fea478165cb98a998fb2a261955",
                "sha256:0f463ebfd8de7f326d38037c7363c6dacb857c5881ab8961fb387804d6daf2f7",
                "sha256:108dd1790337a494aa80e38def654ca3f0968cf4f362c85f44c15e471667102d",
                "sha256:15860b1fdb1973fffade772fdb931ccf9b2f400a3f5665aef94a00445d7d8dd5",
                "sha256:1849f0bba9c8a2fb0f691d492b834cc8dadf617e29015c66e989448d58d011ee",
                "sha256:1ff8cf1d2896e34343197685f432450ec99a85ba8d90cce2030c5eee2ef98791",
                "sha256:24ba315ba3d6e5806063ac6eb717504e499ce30bd8c236d8693a5fd3f084c796",
                "sha256:331ca75a2f8672c365ae25c0b29e46f5ac0c6551fdace8eec4cd65e4fac271ff",
                "sha256:356e5c055ed9b0da1580d465657bc7d00635af4fd47f30afb23025352ba764d1",
                "sha256:3b66857e983208654294bb6477b8a63dee26b37bdd0eb34d010556e91261784f",
                "sha256:406ce835c55bac912f2a0dcfaf27c06d73c6b04a5dde45f1fd3169ce31337389",
                "sha256:4186a699674af418f655dbd420ed87f50d56b4cd6603784279d9eef6627823c8",
                "sha256:44f1364411d5670efa692b146c748f4ed013df91ee91e9bec5677fb1fd58b937",
                "sha256:476f84f8c20c9f5bc47252b66b4bb25e1a9fc2fa98cead96744d8116cb85771d",
                "sha256:4a68773d5a778afb31d12e34f7dd4612ab90de8c6fb1d8ffe5d4a03b955082a1",
                "sha256:4e1b677accee34a09e0dc2ce5624e4a58a1870ffe56fc021e9caf7f23cd7668f",
                "sha256:5272627187b5d9c20e55d27caf5f2cd23e286aba25cadf73c8590e432e2b7262",
                "sha256:532527a701281b9dd371e2f582ed9094f4c12dd9ffb82c0c54ee28d8ac9520c4",
                "sha256:536232a5fe26dd989bd633e7a0c450705fdc86a207fec7254a55e9a22950fe43",
                "sha256:56cf59638bf24dc9bdf2154c81e248b3289f9a09a6d04e63608c159022352749",
                "sha256:58eeb1b2e0fb322befcf2bbc9ba0af41e616abadb3d3414a6bc7167f6cbfce32",
                "sha256:5ae2ab1f166668b41e770650101e7090824fd34d17915dd9cd479f5c5e0065e9",
                "sha256:661e0f665932af88c7877f31da0dc743fe9c8f2524bdffe23d24fdcb67ef9d56",
                "sha256:6bf0603c2e30e2cafac32807b06435f28741135cb8697eae8b28c7d492fc7d76",
                "sha256:6c426422973973cae1f4a23e51d4ae85974f44871b24844e4f7de752dd877098",
                "sha256:75e6e292ff898679e47a2199172593d9f6107fd2dd3617c22c2946e97d5df46e",
                "sha256:830994d7e1f31dd7e790045235605ab61cff6c94defc774547e8b7fdfbff3dc7",
                "sha256:84f0904a69e7365f79a0c77d3cdfccbfb05bf87847e3a51a41e1426b0edb9c79",
                "sha256:85fe4c4df62e1e20f9db6ebfb88c844b092c22cd5324bdcf94bfa2fc1b391221",
                "sha256:93325b0fe372d192965f4cca88d97667f49557398bbf94abdda3bf1b591dbe66",
                "sha256:94f87a04984d6b63788327cd9f79dda62b7f9043909d2440ceccf709249ca988",
                "sha256:97ca08674e3287c7148f4858b01136f8bdfe7202ad25ad04fec602dd1d29d132",
                "sha256:9832c2c69da24b602c32e0c7b1b508a03949c18ba08d4d9f1c1033426685b447",
                "sha256:99d0f92ed92d3083d140bf6b97774f9f13863924cf3f52a70711f4e7588f9d0a",
                "sha256:9d810036895f9ad6345b8f2a338dd6998a74e8483847403582cab67745bff821",
                "sha256:9fea306c783e28884c29057a1d9baa11a349bbf99538ec1da44c8476563d1b25",
                "sha256:a64ce8b0f2de1d2efd2ae40b0abe7f8ae6b29fbfb3812098ed5a6f8e235ad9bf",
                "sha256:a8d37a43c52917427e897cb2e429f67a449327394396a81034a4449b99afda59",
                "sha256:a9cabbdcd03f1b6cd254d6dda8ae09b0252524be1592594c00b7895916cb1324",
                "sha256:b03f91ae8c10a85c1613102c7bef5229b5379f343030a3ccefeca8a33414cf35",
                "sha256:b8e36891080b87823aff3640c78649b91b8ff6eea3c0d70aeabd72ea43ab069b",
                "sha256:c1a9f55e0f46951874b863d1f3906dcb57df2d9be5c5847ba4dfb55b2c815249",
                "sha256:c3d288439e11b5325b02ae6e9cc83e6805a62c40c5a6220bea9beb899c073b1c",
                "sha256:cd9af1276b5ca9e298bd79a26bda32fa9cc87ed095b2a9a60978d2ca058eaf87",
                "sha256:d54855f04f8246ed7b6fc96b05d4871591143c46c0b6f4af874764ed0d2d6f06",
                "sha256:de09668c1bf3b925c07e5762291602f0d789eca1b3a781f99c1c78f6cac0e7ea",
                "sha256:eca8b4510f6763f3d37359c2105df03a7a221a508f30e396a51d0713d462e68a"
            ],
            "markers": "python_version >= '3.11'",
            "version": "==3.0.1"
        },
        "pluggy": {
            "hashes": [
                "sha256:7dcc130b76258d33b90f61b658791dede3486c3e6bfb003ee5c9bfb396dd22f3",
                "sha256:e920276dd6813095e9377c0bc5566d94c932c33b27a3e3945d8389c374dd4746"
            ],
            "markers": "python_version >= '3.9'",
            "version": "==1.6.0"
        },
        "pydantic": {
            "hashes": [
                "sha256:4d351024c75c0f085a9febbb665ce8c0c6ec5d30e903bdb6394b7ede26aebb49",
                "sha256:e561593fccf61e8a20fc46dfc2dfe075b8be7d0188df33f221ad1f0139180f9d"
            ],
            "markers": "python_version >= '3.9'",
            "version": "==2.12.5"
        },
        "pydantic-core": {
            "hashes": [
                "sha256:0177272f88ab8312479336e1d777f6b124537d47f2123f89cb37e0accea97f90",
                "sha256:01a3d0ab748ee531f4ea6c3e48ad9dac84ddba4b0d82291f87248f2f9de8d740",
                "sha256:0384e2e1021894b1ff5a786dbf94771e2986ebe2869533874d7e43bc79c6f504",
                "sha256:03b77d184b9eb40240ae9fd676ca364ce1085f203e1b1256f8ab9984dca80a84",
                "sha256:03ca43e12fab6023fc79d28ca6b39b05f794ad08ec2feccc59a339b02f2b3d33",
                "sha256:05a2c8852530ad2812cb7914dc61a1125dc4e06252ee98e5638a12da6cc6fb6c",
                "sha256:070259a8818988b9a84a449a2a7337c7f430a22acc0859c6b110aa7212a6d9c0",
                "sha256:08daa51ea16ad373ffd5e7606252cc32f07bc72b28284b6bc9c6df804816476e",
                "sha256:0cbaad15cb0c90aa221d43c00e77bb33c93e8d36e0bf74760cd00e732d10a6a0",
                "sha256:100baa204bb412b74fe285fb0f3a385256dad1d1879f0a5cb1499ed2e83d132a",
                "sha256:112e305c3314f40c93998e567879e887a3160bb8689ef3d2c04b6cc62c33ac34",
                "sha256:16f80f7abe3351f8ea6858914ddc8c77e02578544a0ebc15b4c2e1a0e813b0b2",
                "sha256:1746d4a3d9a794cacae06a5eaaccb4b8643a131d45fbc9af23e353dc0a5ba5c3",
                "sha256:1962293292865bca8e54702b08a4f26da73adc83dd1fcf26fbc875b35d81c815",
                "sha256:1d1d9764366c73f996edd17abb6d9d7649a7eb690006ab6adbda117717099b14",
                "sha256:1f8d33a7f4d5a7889e60dc39856d76d09333d8a6ed0f5f1190635cbec70ec4ba",
                "sha256:22f0fb8c1c583a3b6f24df2470833b40207e907b90c928cc8d3594b76f874375",
                "sha256:239edca560d05757817c13dc17c50766136d21f7cd0fac50295499ae24f90fdf",
                "sha256:242a206cd0318f95cd21bdacff3fcc3aab23e79bba5cac3db5a841c9ef9c6963",
                "sha256:25e1c2af0fce638d5f1988b686f3b3ea8cd7de5f244ca147c777769e798a9cd1",
                "sha256:266fb4cbf5e3cbd0b53669a6d1b039c45e3ce651fd5442eff4d07c2cc8d66808",
                "sha256:2782c870e99878c634505236d81e5443092fba820f0373997ff75f90f68cd553",
                "sha256:287dad91cfb551c363dc62899a80e9e14da1f0e2b6ebde82c806612ca2a13ef1",
                "sha256:29452c56df2ed968d18d7e21f4ab0ac55e71dc59524872f6fc57dcf4a3249ed2",
                "sha256:299e0a22e7ae2b85c1a57f104538b2656e8ab1873511fd718a1c1c6f149b77b5",
                "sha256:2a5e06546e19f24c6a96a129142a75cee553cc018ffee48a460059b1185f4470",
                "sha256:2b761d210c9ea91feda40d25b4efe82a1707da2ef62901466a42492c028553a2",
                "sha256:2c010c6ded393148374c0f6f0bf89d206bf3217f201faa0635dcd56bd1520f6b",
                "sha256:2ff4321e56e879ee8d2a879501c8e469414d948f4aba74a2d4593184eb326660",
                "sha256:3006c3dd9ba34b0c094c544c6006cc79e87d8612999f1a5d43b769b89181f23c",
                "sha256:33cb885e759a705b426baada1fe68cbb0a2e68e34c5d0d0289a364cf01709093",
                "sha256:346285d28e4c8017da95144c7f3acd42740d637ff41946af5ce6e5e420502dd5",
                "sha256:34a64bc3441dc1213096a20fe27e8e128bd3ff89921706e83c0b1ac971276594",
                "sha256:35b44f37a3199f771c3eaa53051bc8a70cd7b54f333531c59e29fd4db5d15008",
                "sha256:378bec5c66998815d224c9ca994f1e14c0c21cb95d2f52b6021cc0b2a58f2a5a",
                "sha256:3f37a19d7ebcdd20b96485056ba9e8b304e27d9904d233d7b1015db320e51f0a",
                "sha256:3f84d5c1b4ab906093bdc1ff10484838aca54ef08de4afa9de0f5f14d69639cd",
                "sha256:4009935984bd36bd2c774e13f9a09563ce8de4abaa7226f5108262fa3e637284",
                "sha256:406bf18d345822d6c21366031003612b9c77b3e29ffdb0f612367352aab7d586",
                "sha256:4819fa52133c9aa3c387b3328f25c1facc356491e6135b459f1de698ff64d869",
                "sha256:482c982f814460eabe1d3bb0adfdc583387bd4691ef00b90575ca0d2b6fe2294",
                "sha256:4bc36bbc0b7584de96561184ad7f012478987882ebf9f9c389b23f432ea3d90f",
                "sha256:506d766a8727beef16b7adaeb8ee6217c64fc813646b424d0804d67c16eddb66",
                "sha256:56121965f7a4dc965bff783d70b907ddf3d57f6eba29b6d2e5dabfaf07799c51",
                "sha256:58133647260ea01e4d0500089a8c4f07bd7aa6ce109682b1426394988d8aaacc",
                "sha256:5921a4d3ca3aee735d9fd163808f5e8dd6c6972101e4adbda9a4667908849b97",
                "sha256:5a4e67afbc95fa5c34cf27d9089bca7fcab4e51e57278d710320a70b956d1b9a",
                "sha256:5cb1b2f9742240e4bb26b652a5aeb840aa4b417c7748b6f8387927bc6e45e40d",
                "sha256:62de39db01b8d593e45871af2af9e497295db8d73b085f6bfd0b18c83c70a8f9",
                "sha256:634e8609e89ceecea15e2d61bc9ac3718caaaa71963717bf3c8f38bfde64242c",
                "sha256:63510af5e38f8955b8ee5687740d6ebf7c2a0886d15a6d65c32814613681bc07",
                "sha256:650ae77860b45cfa6e2cdafc42618ceafab3a2d9a3811fcfbd3bbf8ac3c40d36",
                "sha256:6561e94ba9dacc9c61bce40e2d6bdc3bfaa0259d3ff36ace3b1e6901936d2e3e",
                "sha256:65840751b72fbfd82c3c640cff9284545342a4f1eb1586ad0636955b261b0b05",
                "sha256:6cb58b9c66f7e4179a2d5e0f849c48eff5c1fca560994d6eb6543abf955a149e",
                "sha256:6f52298fbd394f9ed112d56f3d11aabd0d5bd27beb3084cc3d8ad069483b8941",
                "sha256:707625ef0983fcfb461acfaf14de2067c5942c6bb0f3b4c99158bed6fedd3cf3",
                "sha256:72f6c8b11857a856bcfa48c86f5368439f74453563f951e473514579d44aa612",
                "sha256:753e230374206729bf0a807954bcc6c150d3743928a73faffee51ac6557a03c3",
                "sha256:76d0819de158cd855d1cbb8fcafdf6f5cf1eb8e470abe056d5d161106e38062b",
                "sha256:76ee27c6e9c7f16f47db7a94157112a2f3a00e958bc626e2f4ee8bec5c328fbe",
                "sha256:77b63866ca88d804225eaa4af3e664c5faf3568cea95360d21f4725ab6e07146",
                "sha256:79ec52ec461e99e13791ec6508c722742ad745571f234ea6255bed38c6480f11",
                "sha256:7b93a4d08587e2b7e7882de461e82b6ed76d9026ce91ca7915e740ecc7855f60",
                "sha256:7da7087d756b19037bc2c06edc6c170eeef3c3bafcb8f532ff17d64dc427adfd",
                "sha256:7f3bf998340c6d4b0c9a2f02d6a400e51f123b59565d74dc60d252ce888c260b",
                "sha256:80aa89cad80b32a912a65332f64a4450ed00966111b6615ca6816153d3585a8c",
                "sha256:8566def80554c3faa0e65ac30ab0932b9e3a5cd7f8323764303d468e5c37595a",
                "sha256:873e0d5b4fb9b89ef7c2d2a963ea7d02879d9da0da8d9d4933dee8ee86a8b460",
                "sha256:88942d3a3dff3afc8288c21e565e476fc278902ae4d6d134f1eeda118cc830b1",
                "sha256:8bfeaf8735be79f225f3fefab7f941c712aaca36f1128c9d7e2352ee1aa87bdf",
                "sha256:8e7c86f27c585ef37c35e56a96363ab8de4e549a95512445b85c96d3e2f7c1bf",
                "sha256:915c3d10f81bec3a74fbd4faebe8391013ba61e5a1a8d48c4455b923bdda7858",
                "sha256:93e8740d7503eb008aa2df04d3b9735f845d43ae845e6dcd2be0b55a2da43cd2",
                "sha256:941103c9be18ac8daf7b7adca8228f8ed6bb7a1849020f643b3a14d15b1924d9",
                "sha256:97aeba56665b4c3235a0e52b2c2f5ae9cd071b8a8310ad27bddb3f7fb30e9aa2",
                "sha256:a39455728aabd58ceabb03c90e12f71fd30fa69615760a075b9fec596456ccc3",
                "sha256:a3a52f6156e73e7ccb0f8cced536adccb7042be67cb45f9562e12b319c119da6",
                "sha256:a668ce24de96165bb239160b3d854943128f4334822900534f2fe947930e5770",
                "sha256:a75dafbf87d6276ddc5b2bf6fae5254e3d0876b626eb24969a574fff9149ee5d",
                "sha256:aabf5777b5c8ca26f7824cb4a120a740c9588ed58df9b2d196ce92fba42ff8dc",
                "sha256:aec5cf2fd867b4ff45b9959f8b20ea3993fc93e63c7363fe6851424c8a7e7c23",
                "sha256:b2379fa7ed44ddecb5bfe4e48577d752db9fc10be00a6b7446e9663ba143de26",
                "sha256:b4ececa40ac28afa90871c2cc2b9ffd2ff0bf749380fbdf57d165fd23da353aa",
                "sha256:b5819cd790dbf0c5eb9f82c73c16b39a65dd6dd4d1439dcdea7816ec9adddab8",
                "sha256:b74557b16e390ec12dca509bce9264c3bbd128f8a2c376eaa68003d7f327276d",
                "sha256:b80aa5095cd3109962a298ce14110ae16b8c1aece8b72f9dafe81cf597ad80b3",
                "sha256:b93590ae81f7010dbe380cdeab6f515902ebcbefe0b9327cc4804d74e93ae69d",
                "sha256:b96d5f26b05d03cc60f11a7761a5ded1741da411e7fe0909e27a5e6a0cb7b034",
                "sha256:bd3d54f38609ff308209bd43acea66061494157703364ae40c951f83ba99a1a9",
                "sha256:bfea2a5f0b4d8d43adf9d7b8bf019fb46fdd10a2e5cde477fbcb9d1fa08c68e1",
                "sha256:c007fe8a43d43b3969e8469004e9845944f1a80e6acd47c150856bb87f230c56",
                "sha256:c1df3d34aced70add6f867a8cf413e299177e0c22660cc767218373d0779487b",
                "sha256:c23e27686783f60290e36827f9c626e63154b82b116d7fe9adba1fda36da706c",
                "sha256:c8d8b4eb992936023be7dee581270af5c6e0697a8559895f527f5b7105ecd36a",
                "sha256:c9e19dd6e28fdcaa5a1de679aec4141f691023916427ef9bae8584f9c2fb3b0e",
                "sha256:d0d2568a8c11bf8225044aa94409e21da0cb09dcdafe9ecd10250b2baad531a9",
                "sha256:d38548150c39b74aeeb0ce8ee1d8e82696f4a4e16ddc6de7b1d8823f7de4b9b5",
                "sha256:d3a978c4f57a597908b7e697229d996d77a6d3c94901e9edee593adada95ce1a",
                "sha256:d5160812ea7a8a2ffbe233d8da666880cad0cbaf5d4de74ae15c313213d62556",
                "sha256:dc799088c08fa04e43144b164feb0c13f9a0bc40503f8df3e9fde58a3c0c101e",
                "sha256:df3959765b553b9440adfd3c795617c352154e497a4eaf3752555cfb5da8fc49",
                "sha256:dfa8a0c812ac681395907e71e1274819dec685fec28273a28905df579ef137e2",
                "sha256:e25c479382d26a2a41b7ebea1043564a937db462816ea07afa8a44c0866d52f9",
                "sha256:e4f4a984405e91527a0d62649ee21138f8e3d0ef103be488c1dc11a80d7f184b",
                "sha256:e536c98a7626a98feb2d3eaf75944ef6f3dbee447e1f841eae16f2f0a72d8ddc",
                "sha256:e56ba91f47764cc14f1daacd723e3e82d1a89d783f0f5afe9c364b8bb491ccdb",
                "sha256:e672ba74fbc2dc8eea59fb6d4aed6845e6905fc2a8afe93175d94a83ba2a01a0",
                "sha256:e7b576130c69225432866fe2f4a469a85a54ade141d96fd396dffcf607b558f8",
                "sha256:e8465ab91a4bd96d36dde3263f06caa6a8a6019e4113f24dc753d79a8b3a3f82",
                "sha256:e96cea19e34778f8d59fe40775a7a574d95816eb150850a85a7a4c8f4b94ac69",
                "sha256:ece5c59f0ce7d001e017643d8d24da587ea1f74f6993467d85ae8a5ef9d4f42b",
                "sha256:eceb81a8d74f9267ef4081e246ffd6d129da5d87e37a77c9bde550cb04870c1c",
                "sha256:ed2e99c456e3fadd05c991f8f437ef902e00eedf34320ba2b0842bd1c3ca3a75",
                "sha256:f0cd744688278965817fd0839c4a4116add48d23890d468bc436f78beb28abf5",
                "sha256:f14f8f046c14563f8eb3f45f499cc658ab8d10072961e07225e507adb700e93f",
                "sha256:f15489ba13d61f670dcc96772e733aad1a6f9c429cc27574c6cdaed82d0146ad",
                "sha256:f31d95a179f8d64d90f6831d71fa93290893a33148d890ba15de25642c5d075b",
                "sha256:f41a7489d32336dbf2199c8c0a215390a751c5b014c2c1c5366e817202e9cdf7",
                "sha256:f41eb9797986d6ebac5e8edff36d5cef9de40def462311b3eb3eeded1431e425",
                "sha256:f547144f2966e1e16ae626d8ce72b4cfa0caedc7fa28052001c94fb2fcaa1c52"
            ],
            "markers": "python_version >= '3.9'",
            "version": "==2.41.5"
        },
        "pyfiglet": {
            "hashes": [
                "sha256:c6c2321755d09267b438ec7b936825a4910fec696292139e664ca8670e103639",
                "sha256:d555bcea17fbeaf70eaefa48bb119352487e629c9b56f30f383e2c62dd67a01c"
            ],
            "version": "==0.8.post1"
        },
        "pygments": {
            "hashes": [
                "sha256:636cb2477cec7f8952536970bc533bc43743542f70392ae026374600add5b887",
                "sha256:86540386c03d588bb81d44bc3928634ff26449851e99741617ecb9037ee5ec0b"
            ],
            "markers": "python_version >= '3.8'",
            "version": "==2.19.2"
        },
        "pytest": {
            "hashes": [
                "sha256:711ffd45bf766d5264d487b917733b453d917afd2b0ad65223959f59089f875b",
                "sha256:75186651a92bd89611d1d9fc20f0b4345fd827c41ccd5c299a868a05d70edf11"
            ],
            "index": "pypi",
            "markers": "python_version >= '3.10'",
            "version": "==9.0.2"
        },
        "python-dateutil": {
            "hashes": [
                "sha256:37dd54208da7e1cd875388217d5e00ebd4179249f90fb72437e91a35459a0ad3",
                "sha256:a8b2bc7bffae282281c8140a97d3aa9c14da0b136dfe83f850eea9a5f7470427"
            ],
            "markers": "python_version >= '2.7' and python_version not in '3.0, 3.1, 3.2'",
            "version": "==2.9.0.post0"
        },
        "sciencii": {
            "editable": true,
            "file": "."
        },
        "six": {
            "hashes": [
                "sha256:4721f391ed90541fddacab5acf947aa0d3dc7d27b2e1e8eda2be8970586c3274",
                "sha256:ff70335d468e7eb6ec65b95b99d3a2836546063f63acc5171de367e834932a81"
            ],
            "markers": "python_version >= '2.7' and python_version not in '3.0, 3.1, 3.2'",
            "version": "==1.17.0"
        },
        "sqlalchemy": {
            "hashes": [
                "sha256:01f6bbd4308b23240cf7d3ef117557c8fd097ec9549d5d8a52977544e35b40ad",
                "sha256:07edba08061bc277bfdc772dd2a1a43978f5a45994dd3ede26391b405c15221e",
                "sha256:10853a53a4a00417a00913d270dddda75815fcb80675874285f41051c094d7dd",
                "sha256:1182437cb2d97988cfea04cf6cdc0b0bb9c74f4d56ec3d08b81e23d621a28cc6",
                "sha256:144921da96c08feb9e2b052c5c5c1d0d151a292c6135623c6b2c041f2a45f9e0",
                "sha256:1a89ce07ad2d4b8cfc30bd5889ec40613e028ed80ef47da7d9dd2ce969ad30e0",
                "sha256:1b4c575df7368b3b13e0cebf01d4679f9a28ed2ae6c1cd0b1d5beffb6b2007dc",
                "sha256:1ccd42229aaac2df431562117ac7e667d702e8e44afdb6cf0e50fa3f18160f0b",
                "sha256:2645b7d8a738763b664a12a1542c89c940daa55196e8d73e55b169cc5c99f65f",
                "sha256:288937433bd44e3990e7da2402fabc44a3c6c25d3704da066b85b89a85474ae0",
                "sha256:34634e196f620c7a61d18d5cf7dc841ca6daa7961aed75d532b7e58b309ac894",
                "sha256:348174f228b99f33ca1f773e85510e08927620caa59ffe7803b37170df30332b",
                "sha256:36ac4ddc3d33e852da9cb00ffb08cea62ca05c39711dc67062ca2bb1fae35fd8",
                "sha256:3713e21ea67bca727eecd4a24bf68bcd414c403faae4989442be60994301ded0",
                "sha256:389b984139278f97757ea9b08993e7b9d1142912e046ab7d82b3fbaeb0209131",
                "sha256:426c5ca86415d9b8945c7073597e10de9644802e2ff502b8e1f11a7a2642856b",
                "sha256:4599a95f9430ae0de82b52ff0d27304fe898c17cb5f4099f7438a51b9998ac77",
                "sha256:49b7bddc1eebf011ea5ab722fdbe67a401caa34a350d278cc7733c0e88fecb1f",
                "sha256:53667b5f668991e279d21f94ccfa6e45b4e3f4500e7591ae59a8012d0f010dcb",
                "sha256:546572a1793cc35857a2ffa1fe0e58571af1779bcc1ffa7c9fb0839885ed69a9",
                "sha256:583849c743e0e3c9bb7446f5b5addeacedc168d657a69b418063dfdb2d90081c",
                "sha256:5aee45fd2c6c0f2b9cdddf48c48535e7471e42d6fb81adfde801da0bd5b93241",
                "sha256:5b193a7e29fd9fa56e502920dca47dffe60f97c863494946bd698c6058a55658",
                "sha256:5ca74f37f3369b45e1f6b7b06afb182af1fd5dde009e4ffd831830d98cbe5fe7",
                "sha256:68549c403f79a8e25984376480959975212a670405e3913830614432b5daa07a",
                "sha256:69f5bc24904d3bc3640961cddd2523e361257ef68585d6e364166dfbe8c78fae",
                "sha256:6bb85c546591569558571aa1b06aba711b26ae62f111e15e56136d69920e1616",
                "sha256:6f7b7243850edd0b8b97043f04748f31de50cf426e939def5c16bedb540698f7",
                "sha256:7001dc9d5f6bb4deb756d5928eaefe1930f6f4179da3924cbd95ee0e9f4dce89",
                "sha256:7a936f1bb23d370b7c8cc079d5fce4c7d18da87a33c6744e51a93b0f9e97e9b3",
                "sha256:7c998f2ace8bf76b453b75dbcca500d4f4b9dd3908c13e89b86289b37784848b",
                "sha256:7cddca31edf8b0653090cbb54562ca027c421c58ddde2c0685f49ff56a1690e0",
                "sha256:8183dc57ae7d9edc1346e007e840a9f3d6aa7b7f165203a99e16f447150140d2",
                "sha256:82745b03b4043e04600a6b665cb98697c4339b24e34d74b0a2ac0a2488b6f94d",
                "sha256:841a94c66577661c1f088ac958cd767d7c9bf507698f45afffe7a4017049de76",
                "sha256:858e433f12b0e5b3ed2f8da917433b634f4937d0e8793e5cb33c54a1a01df565",
                "sha256:908a3fa6908716f803b86896a09a2c4dde5f5ce2bb07aacc71ffebb57986ce99",
                "sha256:9764014ef5e58aab76220c5664abb5d47d5bc858d9debf821e55cfdd0f128485",
                "sha256:9c7d0a77e36b5f4b01ca398482230ab792061d243d715299b44a0b55c89fe617",
                "sha256:a5b429eb84339f9f05e06083f119ad814e6d85e27ecbdf9c551dfdbb128eaf8a",
                "sha256:a66fe406437dd65cacd96a72689a3aaaecaebbcd62d81c5ac1c0fdbeac835096",
                "sha256:a6b764fb312bd35e47797ad2e63f0d323792837a6ac785a4ca967019357d2bc7",
                "sha256:b19151e76620a412c2ac1c6f977ab1b9fa7ad43140178345136456d5265b32ed",
                "sha256:b8438ec5594980d405251451c5b7ea9aa58dda38eb7ac35fb7e4c696712ee24f",
                "sha256:b8fc3454b4f3bd0a368001d0e968852dad45a873f8b4babd41bc302ec851a099",
                "sha256:bcb8ebbf2e2c36cfe01a94f2438012c6a9d494cf80f129d9753bcdf33bfc35a6",
                "sha256:d404dc897ce10e565d647795861762aa2d06ca3f4a728c5e9a835096c7059018",
                "sha256:d612c976cbc2d17edfcc4c006874b764e85e990c29ce9bd411f926bbfb02b9a2",
                "sha256:d64177f443594c8697369c10e4bbcac70ef558e0f7921a1de7e4a3d1734bcf67",
                "sha256:d854b3970067297f3a7fbd7a4683587134aa9b3877ee15aa29eea478dc68f933",
                "sha256:d8fcccbbc0c13c13702c471da398b8cd72ba740dca5859f148ae8e0e8e0d3e7e",
                "sha256:e004aa9248e8cb0a5f9b96d003ca7c1c0a5da8decd1066e7b53f59eb8ce7c62b",
                "sha256:e214d546c8ecb5fc22d6e6011746082abf13a9cf46eefb45769c7b31407c97b5",
                "sha256:e2d0d88686e3d35a76f3e15a34e8c12d73fc94c1dea1cd55782e695cc14086dd",
                "sha256:e2f35b4cccd9ed286ad62e0a3c3ac21e06c02abc60e20aa51a3e305a30f5fa79",
                "sha256:e3070c03701037aa418b55d36532ecb8f8446ed0135acb71c678dbdf12f5b6e4",
                "sha256:e5e088bf43f6ee6fec7dbf1ef7ff7774a616c236b5c0cb3e00662dd71a56b571",
                "sha256:e83e3f959aaa1c9df95c22c528096d94848a1bc819f5d0ebf7ee3df0ca63db6c",
                "sha256:f0dcbc588cd5b725162c076eb9119342f6579c7f7f55057bb7e3c6ff27e13121",
                "sha256:f27f9da0a7d22b9f981108fd4b62f8b5743423388915a563e651c20d06c1f457",
                "sha256:f8649a14caa5f8a243628b1d61cf530ad9ae4578814ba726816adb1121fc493e",
                "sha256:fac0fa4e4f55f118fd87177dacb1c6522fe39c28d498d259014020fec9164c29",
                "sha256:fd08b90d211c086181caed76931ecfa2bdfc83eea3cfccdb0f82abc6c4b876cb"
            ],
            "markers": "python_version >= '3.7'",
            "version": "==2.0.48"
        },
        "typing-extensions": {
            "hashes": [
                "sha256:0cea48d173cc12fa28ecabc3b837ea3cf6f38c6d1136f85cbaaf598984861466",
                "sha256:f0fa19c6845758ab08074a0cfa8b7aecb71c999ca73d62883bc25cc018c4e548"
            ],
            "markers": "python_version >= '3.9'",
            "version": "==4.15.0"
        },
        "typing-inspection": {
            "hashes": [
                "sha256:4ed1cacbdc298c220f1bd249ed5287caa16f34d44ef4e9c3d0cbad5b521545e7",
                "sha256:ba561c48a67c5958007083d386c3295464928b01faa735ab8547c5692e87f464"
            ],
            "markers": "python_version >= '3.9'",
            "version": "==0.4.2"
        },
        "tzdata": {
            "hashes": [
                "sha256:06a47e5700f3081aab02b2e513160914ff0694bce9947d6b76ebd6bf57cfc5d1",
                "sha256:de39c2ca5dc7b0344f2eba86f49d614019d29f060fc4ebc8a417896a620b56a7"
            ],
            "markers": "python_version >= '2'",
            "version": "==2025.3"
        },
        "wrapt": {
            "hashes": [
                "sha256:08ffa54146a7559f5b8df4b289b46d963a8e74ed16ba3687f99896101a3990c5",
                "sha256:0fc04bc8664a8bc4c8e00b37b5355cffca2535209fba1abb09ae2b7c76ddf82b",
                "sha256:1370e516598854e5b4366e09ce81e08bfe94d42b0fd569b88ec46cc56d9164a9",
                "sha256:162e4e2ba7542da9027821cb6e7c5e068d64f9a10b5f15512ea28e954893a267",
                "sha256:16997dfb9d67addc2e3f41b62a104341e80cac52f91110dece393923c0ebd5ca",
                "sha256:1c51c738d7d9faa0b3601708e7e2eda9bf779e1b601dce6c77411f2a1b324a63",
                "sha256:1c6cc827c00dc839350155f316f1f8b4b0c370f52b6a19e782e2bda89600c7dc",
                "sha256:2b8b28e97a44d21836259739ae76284e180b18abbb4dcfdff07a415cf1016c3e",
                "sha256:2d3ff4f0024dd224290c0eabf0240f1bfc1f26363431505fb1b0283d3b08f11d",
                "sha256:305d8a1755116bfdad5dda9e771dcb2138990a1d66e9edd81658816edf51aed1",
                "sha256:3144b027ff30cbd2fca07c0a87e67011adb717eb5f5bd8496325c17e454257a3",
                "sha256:3278c471f4468ad544a691b31bb856374fbdefb7fee1a152153e64019379f015",
                "sha256:3756219045f73fb28c5d7662778e4156fbd06cf823c4d2d4b19f97305e52819c",
                "sha256:3769a77df8e756d65fbc050333f423c01ae012b4f6731aaf70cf2bef61b34596",
                "sha256:3969c56e4563c375861c8df14fa55146e81ac11c8db49ea6fb7f2ba58bc1ff9a",
                "sha256:3996a67eecc2c68fd47b4e3c564405a5777367adfd9b8abb58387b63ee83b21e",
                "sha256:3b8d15e52e195813efe5db8cec156eebe339aaf84222f4f4f051a6c01f237ed7",
                "sha256:3beb22f674550d5634642c645aba4c72a2c66fb185ae1aebe1e955fae5a13baf",
                "sha256:3d7b6fd105f8b24e5bd23ccf41cb1d1099796524bcc6f7fbb8fe576c44befbc9",
                "sha256:4006c351de6d5007aa33a551f600404ba44228a89e833d2fadc5caa5de8edfbf",
                "sha256:45914e8efbe4b9d5102fcf0e8e2e3258b83a5d5fba9f8f7b6d15681e9d29ffe0",
                "sha256:467e7c76315390331c67073073d00662015bb730c566820c9ca9b54e4d67fd04",
                "sha256:478282ebd3795a089154fb16d3db360e103aa13d3b2ad30f8f6aac0d2207de0e",
                "sha256:4b7a86d99a14f76facb269dc148590c01aaf47584071809a70da30555228158c",
                "sha256:4bdf26e03e6d0da3f0e9422fd36bcebf7bc0eeb55fdf9c727a09abc6b9fe472e",
                "sha256:5681123e60aed0e64c7d44f72bbf8b4ce45f79d81467e2c4c728629f5baf06eb",
                "sha256:577dff354e7acd9d411eaf4bfe76b724c89c89c8fc9b7e127ee28c5f7bcb25b6",
                "sha256:57d7c0c980abdc5f1d98b11a2aa3bb159790add80258c717fa49a99921456d90",
                "sha256:5a0a0a3a882393095573344075189eb2d566e0fd205a2b6414e9997b1b800a8b",
                "sha256:5c35b5d82b16a3bc6e0a04349b606a0582bc29f573786aebe98e0c159bc48db6",
                "sha256:5e0fa9cc32300daf9eb09a1f5bdc6deb9a79defd70d5356ba453bcd50aef3742",
                "sha256:62503ffbc2d3a69891cf29beeaccdb4d5e0a126e2b6a851688d4777e01428dbb",
                "sha256:6433ea84e1cfacf32021d2a4ee909554ade7fd392caa6f7c13f1f4bf7b8e8748",
                "sha256:64a07a71d2730ba56f11d1a4b91f7817dc79bc134c11516b75d1921a7c6fcda1",
                "sha256:6de1a3851c27e0bd6a04ca993ea6f80fc53e6c742ee1601f486c08e9f9b900a9",
                "sha256:6f2c5390460de57fa9582bc8a1b7a6c86e1a41dfad74c5225fc07044c15cc8d1",
                "sha256:6f8dbdd3719e534860d6a78526aafc220e0241f981367018c2875178cf83a413",
                "sha256:6f97edc9842cf215312b75fe737ee7c8adda75a89979f8e11558dfff6343cc4b",
                "sha256:710f6e5dfaf6a5d5c397d2d6758a78fecd9649deb21f1b645f5b57a328d63050",
                "sha256:72aaa9d0d8e4ed0e2e98019cea47a21f823c9dd4b43c7b77bba6679ffcca6a00",
                "sha256:76405518ca4e1b76fbb1b9f686cff93aebae03920cc55ceeec48ff9f719c5f67",
                "sha256:767c0dbbe76cae2a60dd2b235ac0c87c9cccf4898aef8062e57bead46b5f6894",
                "sha256:776867878e83130c7a04237010463372e877c1c994d449ca6aaafeab6aab2586",
                "sha256:787fd6f4d67befa6fe2abdffcbd3de2d82dfc6fb8a6d850407c53332709d030b",
                "sha256:79847b83eb38e70d93dc392c7c5b587efe65b3e7afcc167aa8abd5d60e8761c8",
                "sha256:7dfa9f2cf65d027b951d05c662cc99ee3bd01f6e4691ed39848a7a5fffc902b2",
                "sha256:84ce8f1c2104d2f6daa912b1b5b039f331febfeee74f8042ad4e04992bd95c8f",
                "sha256:866abdbf4612e0b34764922ef8b1c5668867610a718d3053d59e24a5e5fcfc15",
                "sha256:96159a0ee2b0277d44201c3b5be479a9979cf154e8c82fa5df49586a8e7679bb",
                "sha256:970d57ed83fa040d8b20c52fe74a6ae7e3775ae8cff5efd6a81e06b19078484c",
                "sha256:98ba61833a77b747901e9012072f038795de7fc77849f1faa965464f3f87ff2d",
                "sha256:9c691a6bc752c0cc4711cc0c00896fcd0f116abc253609ef64ef930032821842",
                "sha256:a5d516e22aedb7c9c1d47cba1c63160b1a6f61ec2f3948d127cd38d5cfbb556f",
                "sha256:a76d61a2e851996150ba0f80582dd92a870643fa481f3b3846f229de88caf044",
                "sha256:a819e39017f95bf7aede768f75915635aa8f671f2993c036991b8d3bfe8dbb6f",
                "sha256:a8914c754d3134a3032601c6984db1c576e6abaf3fc68094bb8ab1379d75ff92",
                "sha256:a9372fc3639a878c8e7d87e1556fa209091b0a66e912c611e3f833e2c4202be2",
                "sha256:a93cd767e37faeddbe07d8fc4212d5cba660af59bdb0f6372c93faaa13e6e679",
                "sha256:a9b9d50c9af998875a1482a038eb05755dfd6fe303a313f6a940bb53a83c3f18",
                "sha256:a9dd9813825f7ecb018c17fd147a01845eb330254dff86d3b5816f20f4d6aaf8",
                "sha256:b89f095fe98bc12107f82a9f7d570dc83a0870291aeb6b1d7a7d35575f55d98a",
                "sha256:b8aefb4dbb18d904b96827435a763fa42fc1f08ea096a391710407a60983ced8",
                "sha256:b8fd6fa2b2c4e7621808f8c62e8317f4aae56e59721ad933bac5239d913cf0e8",
                "sha256:bbac24d879aa22998e87f6b3f481a5216311e7d53c7db87f189a7a0266dafffb",
                "sha256:c0be8b5a74c5824e9359b53e7e58bef71a729bacc82e16587db1c4ebc91f7c5a",
                "sha256:c20b757c268d30d6215916a5fa8461048d023865d888e437fab451139cad6c8e",
                "sha256:c7e6cd120ef837d5b6f860a6ea3745f8763805c418bb2f12eeb1fa6e25f22d22",
                "sha256:c87cf3f0c85e27b3ac7d9ad95da166bf8739ca215a8b171e8404a2d739897a45",
                "sha256:c8e46ae8e4032792eb2f677dbd0d557170a8e5524d22acc55199f43efedd39bf",
                "sha256:cef91c95a50596fcdc31397eb6955476f82ae8a3f5a8eabdc13611b60ee380ba",
                "sha256:d1c5fea4f9fe3762e2b905fdd67df51e4be7a73b7674957af2d2ade71a5c075d",
                "sha256:d307aa6888d5efab2c1cde09843d48c843990be13069003184b67d426d145394",
                "sha256:d8f7740e1af13dff2684e4d56fe604a7e04d6c94e737a60568d8d4238b9a0c71",
                "sha256:da1f00a557c66225d53b095a97eace0fc5349e3bfda28fa34ffae238978ee575",
                "sha256:dad63212b168de8569b1c512f4eac4b57f2c6934b30df32d6ee9534a79f1493f",
                "sha256:de9f1a2bbc5ac7f6012ec24525bdd444765a2ff64b5985ac6e0692144838542e",
                "sha256:e3d3b35eedcf5f7d022291ecd7533321c4775f7b9cd0050a31a68499ba45757c",
                "sha256:e5aeab8fe15c3dff75cfee94260dcd9cded012d4ff06add036c28fae7718593b",
                "sha256:e6ed62c82ddf58d001096ae84ce7f833db97ae2263bff31c9b336ba8cfe3f508",
                "sha256:eba8155747eb2cae4a0b913d9ebd12a1db4d860fc4c829d7578c7b989bd3f2f0",
                "sha256:f01277d9a5fc1862f26f7626da9cf443bebc0abd2f303f41c5e995b15887dabd",
                "sha256:f069e113743a21a3defac6677f000068ebb931639f789b5b226598e247a4c89e",
                "sha256:f0d8fc30a43b5fe191cf2b1a0c82bab2571dadd38e7c0062ee87d6df858dd06e",
                "sha256:f29c827a8d9936ac320746747a016c4bc66ef639f5cd0d32df24f5eacbf9c69f",
                "sha256:f3b7d73012ea75aee5844de58c88f44cf62d0d62711e39da5a82824a7c4626a8",
                "sha256:f8bc1c264d8d1cf5b3560a87bbdd31131573eb25f9f9447bb6252b8d4c44a3a1",
                "sha256:f8fba1bae256186a83d1875b2b1f4e2d1242e8fac0f58ec0d7e41b26967b965c",
                "sha256:fab036efe5464ec3291411fabb80a7a39e2dd80bae9bcbeeca5087fdfa891e19",
                "sha256:ff2aad9c4cda28a8f0653fc2d487596458c2a3f475e56ba02909e950a9efa6a9",
                "sha256:ff95d4264e55839be37bafe1536db2ab2de19da6b65f9244f01f332b5286cfbf"
            ],
            "markers": "python_version >= '3.9'",
            "version": "==2.1.2"
        }
    },
    "develop": {}
}
